
Microsoft Visual Studio Solution File, Format Version 12.00
# Visual Studio Version 16
VisualStudioVersion = 16.0.30413.136
MinimumVisualStudioVersion = 10.0.40219.1
Project("{FAE04EC0-301F-11D3-BF4B-00C04F79EFBC}") = "FurnitureFactoryApp", "FurnitureFactoryApp\FurnitureFactoryApp.csproj", "{D2A3BFAC-AA93-4CA4-9DA7-A8873F81313F}"
EndProject
Global
	GlobalSection(SolutionConfigurationPlatforms) = preSolution
		Debug|Any CPU = Debug|Any CPU
		Release|Any CPU = Release|Any CPU
	EndGlobalSection
	GlobalSection(ProjectConfigurationPlatforms) = postSolution
		{D2A3BFAC-AA93-4CA4-9DA7-A8873F81313F}.Debug|Any CPU.ActiveCfg = Debug|Any CPU
		{D2A3BFAC-AA93-4CA4-9DA7-A8873F81313F}.Debug|Any CPU.Build.0 = Debug|Any CPU
		{D2A3BFAC-AA93-4CA4-9DA7-A8873F81313F}.Release|Any CPU.ActiveCfg = Release|Any CPU
		{D2A3BFAC-AA93-4CA4-9DA7-A8873F81313F}.Release|Any CPU.Build.0 = Release|Any CPU
	EndGlobalSection
	GlobalSection(SolutionProperties) = preSolution
		HideSolutionNode = FALSE
	EndGlobalSection
	GlobalSection(ExtensibilityGlobals) = postSolution
		SolutionGuid = {75B5CC3F-EC7A-40C6-A5E4-2D1064DAF750}
	EndGlobalSection
EndGlobal
